# THIS IS AN AUTOGENERATED FILE. DO NOT EDIT THIS FILE DIRECTLY.
# yarn lockfile v1
bourbon@^4.2.7:
  version "4.2.7"
  resolved "https://registry.yarnpkg.com/bourbon/-/bourbon-4.2.7.tgz#48a805dff475fbf61e002a64e1e4db68d2f82fba"

font-awesome@^4.6.3:
  version "4.6.3"
  resolved "https://registry.yarnpkg.com/font-awesome/-/font-awesome-4.6.3.tgz#86933651540ee00874c664017f50f2172f6531a2"

lazysizes@^2.0.0:
  version "2.0.4"
  resolved "https://registry.yarnpkg.com/lazysizes/-/lazysizes-2.0.4.tgz#df7e207f0099c4a199c386fe7624be1c6a8cc14d"

normalize.css@^4.1.1:
  version "4.2.0"
  resolved "https://registry.yarnpkg.com/normalize.css/-/normalize.css-4.2.0.tgz#21d66cc557154d4379fd1e079ec7de58a379b099"

picturefill@^3.0.2:
  version "3.0.2"
  resolved "https://registry.yarnpkg.com/picturefill/-/picturefill-3.0.2.tgz#fa3d35fffbef5ab5300fe2ad9dca8f2e36cba27b"

underscore@^1.8.3:
  version "1.8.3"
  resolved "https://registry.yarnpkg.com/underscore/-/underscore-1.8.3.tgz#4f3fb53b106e6097fcf9cb4109f2a5e9bdfa5022"

